
Microsoft Visual Studio Solution File, Format Version 12.00
# Visual Studio Version 16
VisualStudioVersion = 16.0.31105.61
MinimumVisualStudioVersion = 10.0.40219.1
Project("{FAE04EC0-301F-11D3-BF4B-00C04F79EFBC}") = "MyLinkedList", "MyLinkedList\MyLinkedList.csproj", "{43D73EF7-EACC-4A3E-AD68-7BFA3620FFDE}"
EndProject
Project("{FAE04EC0-301F-11D3-BF4B-00C04F79EFBC}") = "MyLinkedList.Test", "MyLinkedList.Test\MyLinkedList.Test.csproj", "{EABAA986-4EF8-458E-82E8-8A6FC6AF48FA}"
EndProject
Global
	GlobalSection(SolutionConfigurationPlatforms) = preSolution
		Debug|Any CPU = Debug|Any CPU
		Release|Any CPU = Release|Any CPU
	EndGlobalSection
	GlobalSection(ProjectConfigurationPlatforms) = postSolution
		{43D73EF7-EACC-4A3E-AD68-7BFA3620FFDE}.Debug|Any CPU.ActiveCfg = Debug|Any CPU
		{43D73EF7-EACC-4A3E-AD68-7BFA3620FFDE}.Debug|Any CPU.Build.0 = Debug|Any CPU
		{43D73EF7-EACC-4A3E-AD68-7BFA3620FFDE}.Release|Any CPU.ActiveCfg = Release|Any CPU
		{43D73EF7-EACC-4A3E-AD68-7BFA3620FFDE}.Release|Any CPU.Build.0 = Release|Any CPU
		{EABAA986-4EF8-458E-82E8-8A6FC6AF48FA}.Debug|Any CPU.ActiveCfg = Debug|Any CPU
		{EABAA986-4EF8-458E-82E8-8A6FC6AF48FA}.Debug|Any CPU.Build.0 = Debug|Any CPU
		{EABAA986-4EF8-458E-82E8-8A6FC6AF48FA}.Release|Any CPU.ActiveCfg = Release|Any CPU
		{EABAA986-4EF8-458E-82E8-8A6FC6AF48FA}.Release|Any CPU.Build.0 = Release|Any CPU
	EndGlobalSection
	GlobalSection(SolutionProperties) = preSolution
		HideSolutionNode = FALSE
	EndGlobalSection
	GlobalSection(ExtensibilityGlobals) = postSolution
		SolutionGuid = {03167F5A-56D9-48EE-83CA-42C75DD7FFB4}
	EndGlobalSection
EndGlobal
